
Microsoft Visual Studio Solution File, Format Version 12.00
# Visual Studio Version 16
VisualStudioVersion = 16.0.30717.126
MinimumVisualStudioVersion = 10.0.40219.1
Project("{FAE04EC0-301F-11D3-BF4B-00C04F79EFBC}") = "Vrnz2.BaseContracts", "Vrnz2.BaseContracts\Vrnz2.BaseContracts.csproj", "{70AD960B-4B36-463B-87EB-766D65627D3E}"
EndProject
Global
	GlobalSection(SolutionConfigurationPlatforms) = preSolution
		Debug|Any CPU = Debug|Any CPU
		Release|Any CPU = Release|Any CPU
	EndGlobalSection
	GlobalSection(ProjectConfigurationPlatforms) = postSolution
		{70AD960B-4B36-463B-87EB-766D65627D3E}.Debug|Any CPU.ActiveCfg = Debug|Any CPU
		{70AD960B-4B36-463B-87EB-766D65627D3E}.Debug|Any CPU.Build.0 = Debug|Any CPU
		{70AD960B-4B36-463B-87EB-766D65627D3E}.Release|Any CPU.ActiveCfg = Release|Any CPU
		{70AD960B-4B36-463B-87EB-766D65627D3E}.Release|Any CPU.Build.0 = Release|Any CPU
	EndGlobalSection
	GlobalSection(SolutionProperties) = preSolution
		HideSolutionNode = FALSE
	EndGlobalSection
	GlobalSection(ExtensibilityGlobals) = postSolution
		SolutionGuid = {105C8458-7592-45FB-82C4-F7B03F56BF90}
	EndGlobalSection
EndGlobal
